
Microsoft Visual Studio Solution File, Format Version 12.00
# Visual Studio 15
VisualStudioVersion = 15.0.27428.2027
MinimumVisualStudioVersion = 10.0.40219.1
Project("{FAE04EC0-301F-11D3-BF4B-00C04F79EFBC}") = "DataMaster", "DataMaster\DataMaster.csproj", "{2022AE45-F157-475C-B419-C4BC98D91525}"
EndProject
Global
	GlobalSection(SolutionConfigurationPlatforms) = preSolution
		Debug|Any CPU = Debug|Any CPU
		Release|Any CPU = Release|Any CPU
	EndGlobalSection
	GlobalSection(ProjectConfigurationPlatforms) = postSolution
		{2022AE45-F157-475C-B419-C4BC98D91525}.Debug|Any CPU.ActiveCfg = Debug|Any CPU
		{2022AE45-F157-475C-B419-C4BC98D91525}.Debug|Any CPU.Build.0 = Debug|Any CPU
		{2022AE45-F157-475C-B419-C4BC98D91525}.Release|Any CPU.ActiveCfg = Release|Any CPU
		{2022AE45-F157-475C-B419-C4BC98D91525}.Release|Any CPU.Build.0 = Release|Any CPU
	EndGlobalSection
	GlobalSection(SolutionProperties) = preSolution
		HideSolutionNode = FALSE
	EndGlobalSection
	GlobalSection(ExtensibilityGlobals) = postSolution
		SolutionGuid = {CD377967-ACC9-4601-A97E-4149EB6A7BC2}
	EndGlobalSection
EndGlobal
